
Microsoft Visual Studio Solution File, Format Version 12.00
# Visual Studio 15
VisualStudioVersion = 15.0.27004.2002
MinimumVisualStudioVersion = 10.0.40219.1
Project("{FAE04EC0-301F-11D3-BF4B-00C04F79EFBC}") = "David_Mvvm_lib", "David_Mvvm_lib\David_Mvvm_lib.csproj", "{F5B64F50-6225-44B5-A4FE-BD74A3E63047}"
EndProject
Project("{FAE04EC0-301F-11D3-BF4B-00C04F79EFBC}") = "CasinoBlackJackApplication", "Assignment_2b\CasinoBlackJackApplication.csproj", "{A90154FD-2D71-48F7-A303-437A9BB07086}"
EndProject
Project("{9A19103F-16F7-4668-BE54-9A1E7A4F7556}") = "GameCardLib", "GameCardLib\GameCardLib.csproj", "{88719608-2FBF-49FB-8693-D05ED4C66906}"
EndProject
Project("{FAE04EC0-301F-11D3-BF4B-00C04F79EFBC}") = "DataAccessLayer", "DataAccessLayer\DataAccessLayer.csproj", "{9C054D58-A2E9-4CDC-B02F-4528DB382136}"
EndProject
Global
	GlobalSection(SolutionConfigurationPlatforms) = preSolution
		Debug|Any CPU = Debug|Any CPU
		Release|Any CPU = Release|Any CPU
	EndGlobalSection
	GlobalSection(ProjectConfigurationPlatforms) = postSolution
		{F5B64F50-6225-44B5-A4FE-BD74A3E63047}.Debug|Any CPU.ActiveCfg = Debug|Any CPU
		{F5B64F50-6225-44B5-A4FE-BD74A3E63047}.Debug|Any CPU.Build.0 = Debug|Any CPU
		{F5B64F50-6225-44B5-A4FE-BD74A3E63047}.Release|Any CPU.ActiveCfg = Release|Any CPU
		{F5B64F50-6225-44B5-A4FE-BD74A3E63047}.Release|Any CPU.Build.0 = Release|Any CPU
		{A90154FD-2D71-48F7-A303-437A9BB07086}.Debug|Any CPU.ActiveCfg = Debug|Any CPU
		{A90154FD-2D71-48F7-A303-437A9BB07086}.Debug|Any CPU.Build.0 = Debug|Any CPU
		{A90154FD-2D71-48F7-A303-437A9BB07086}.Release|Any CPU.ActiveCfg = Release|Any CPU
		{A90154FD-2D71-48F7-A303-437A9BB07086}.Release|Any CPU.Build.0 = Release|Any CPU
		{88719608-2FBF-49FB-8693-D05ED4C66906}.Debug|Any CPU.ActiveCfg = Debug|Any CPU
		{88719608-2FBF-49FB-8693-D05ED4C66906}.Debug|Any CPU.Build.0 = Debug|Any CPU
		{88719608-2FBF-49FB-8693-D05ED4C66906}.Release|Any CPU.ActiveCfg = Release|Any CPU
		{88719608-2FBF-49FB-8693-D05ED4C66906}.Release|Any CPU.Build.0 = Release|Any CPU
		{9C054D58-A2E9-4CDC-B02F-4528DB382136}.Debug|Any CPU.ActiveCfg = Debug|Any CPU
		{9C054D58-A2E9-4CDC-B02F-4528DB382136}.Debug|Any CPU.Build.0 = Debug|Any CPU
		{9C054D58-A2E9-4CDC-B02F-4528DB382136}.Release|Any CPU.ActiveCfg = Release|Any CPU
		{9C054D58-A2E9-4CDC-B02F-4528DB382136}.Release|Any CPU.Build.0 = Release|Any CPU
	EndGlobalSection
	GlobalSection(SolutionProperties) = preSolution
		HideSolutionNode = FALSE
	EndGlobalSection
	GlobalSection(ExtensibilityGlobals) = postSolution
		SolutionGuid = {67293621-5783-495E-8D3A-3996F3D1E09C}
	EndGlobalSection
EndGlobal
